
Microsoft Visual Studio Solution File, Format Version 12.00
# Visual Studio Version 17
VisualStudioVersion = 17.0.31903.59
MinimumVisualStudioVersion = 10.0.40219.1
Project("{FAE04EC0-301F-11D3-BF4B-00C04F79EFBC}") = "Clinica.Api", "Clinica.Api\Clinica.Api.csproj", "{0637757E-519B-4814-B9B5-200FCC6600C1}"
EndProject
Project("{FAE04EC0-301F-11D3-BF4B-00C04F79EFBC}") = "Clinica.Services", "Clinica.Services\Clinica.Services.csproj", "{56CC7118-FCD2-489C-9BEE-DE4E2B98806F}"
EndProject
Project("{FAE04EC0-301F-11D3-BF4B-00C04F79EFBC}") = "Clinica.Data", "Clinica.Data\Clinica.Data.csproj", "{337D34FD-FCE1-44E3-951E-990B12AEFFB2}"
EndProject
Project("{FAE04EC0-301F-11D3-BF4B-00C04F79EFBC}") = "Clinica.Core", "Clinica.Core\Clinica.Core.csproj", "{917497BC-B94A-4BAF-86EE-D5759C96392A}"
EndProject
Global
	GlobalSection(SolutionConfigurationPlatforms) = preSolution
		Debug|Any CPU = Debug|Any CPU
		Debug|x64 = Debug|x64
		Debug|x86 = Debug|x86
		Release|Any CPU = Release|Any CPU
		Release|x64 = Release|x64
		Release|x86 = Release|x86
	EndGlobalSection
	GlobalSection(ProjectConfigurationPlatforms) = postSolution
		{0637757E-519B-4814-B9B5-200FCC6600C1}.Debug|Any CPU.ActiveCfg = Debug|Any CPU
		{0637757E-519B-4814-B9B5-200FCC6600C1}.Debug|Any CPU.Build.0 = Debug|Any CPU
		{0637757E-519B-4814-B9B5-200FCC6600C1}.Debug|x64.ActiveCfg = Debug|Any CPU
		{0637757E-519B-4814-B9B5-200FCC6600C1}.Debug|x64.Build.0 = Debug|Any CPU
		{0637757E-519B-4814-B9B5-200FCC6600C1}.Debug|x86.ActiveCfg = Debug|Any CPU
		{0637757E-519B-4814-B9B5-200FCC6600C1}.Debug|x86.Build.0 = Debug|Any CPU
		{0637757E-519B-4814-B9B5-200FCC6600C1}.Release|Any CPU.ActiveCfg = Release|Any CPU
		{0637757E-519B-4814-B9B5-200FCC6600C1}.Release|Any CPU.Build.0 = Release|Any CPU
		{0637757E-519B-4814-B9B5-200FCC6600C1}.Release|x64.ActiveCfg = Release|Any CPU
		{0637757E-519B-4814-B9B5-200FCC6600C1}.Release|x64.Build.0 = Release|Any CPU
		{0637757E-519B-4814-B9B5-200FCC6600C1}.Release|x86.ActiveCfg = Release|Any CPU
		{0637757E-519B-4814-B9B5-200FCC6600C1}.Release|x86.Build.0 = Release|Any CPU
		{56CC7118-FCD2-489C-9BEE-DE4E2B98806F}.Debug|Any CPU.ActiveCfg = Debug|Any CPU
		{56CC7118-FCD2-489C-9BEE-DE4E2B98806F}.Debug|Any CPU.Build.0 = Debug|Any CPU
		{56CC7118-FCD2-489C-9BEE-DE4E2B98806F}.Debug|x64.ActiveCfg = Debug|Any CPU
		{56CC7118-FCD2-489C-9BEE-DE4E2B98806F}.Debug|x64.Build.0 = Debug|Any CPU
		{56CC7118-FCD2-489C-9BEE-DE4E2B98806F}.Debug|x86.ActiveCfg = Debug|Any CPU
		{56CC7118-FCD2-489C-9BEE-DE4E2B98806F}.Debug|x86.Build.0 = Debug|Any CPU
		{56CC7118-FCD2-489C-9BEE-DE4E2B98806F}.Release|Any CPU.ActiveCfg = Release|Any CPU
		{56CC7118-FCD2-489C-9BEE-DE4E2B98806F}.Release|Any CPU.Build.0 = Release|Any CPU
		{56CC7118-FCD2-489C-9BEE-DE4E2B98806F}.Release|x64.ActiveCfg = Release|Any CPU
		{56CC7118-FCD2-489C-9BEE-DE4E2B98806F}.Release|x64.Build.0 = Release|Any CPU
		{56CC7118-FCD2-489C-9BEE-DE4E2B98806F}.Release|x86.ActiveCfg = Release|Any CPU
		{56CC7118-FCD2-489C-9BEE-DE4E2B98806F}.Release|x86.Build.0 = Release|Any CPU
		{337D34FD-FCE1-44E3-951E-990B12AEFFB2}.Debug|Any CPU.ActiveCfg = Debug|Any CPU
		{337D34FD-FCE1-44E3-951E-990B12AEFFB2}.Debug|Any CPU.Build.0 = Debug|Any CPU
		{337D34FD-FCE1-44E3-951E-990B12AEFFB2}.Debug|x64.ActiveCfg = Debug|Any CPU
		{337D34FD-FCE1-44E3-951E-990B12AEFFB2}.Debug|x64.Build.0 = Debug|Any CPU
		{337D34FD-FCE1-44E3-951E-990B12AEFFB2}.Debug|x86.ActiveCfg = Debug|Any CPU
		{337D34FD-FCE1-44E3-951E-990B12AEFFB2}.Debug|x86.Build.0 = Debug|Any CPU
		{337D34FD-FCE1-44E3-951E-990B12AEFFB2}.Release|Any CPU.ActiveCfg = Release|Any CPU
		{337D34FD-FCE1-44E3-951E-990B12AEFFB2}.Release|Any CPU.Build.0 = Release|Any CPU
		{337D34FD-FCE1-44E3-951E-990B12AEFFB2}.Release|x64.ActiveCfg = Release|Any CPU
		{337D34FD-FCE1-44E3-951E-990B12AEFFB2}.Release|x64.Build.0 = Release|Any CPU
		{337D34FD-FCE1-44E3-951E-990B12AEFFB2}.Release|x86.ActiveCfg = Release|Any CPU
		{337D34FD-FCE1-44E3-951E-990B12AEFFB2}.Release|x86.Build.0 = Release|Any CPU
		{917497BC-B94A-4BAF-86EE-D5759C96392A}.Debug|Any CPU.ActiveCfg = Debug|Any CPU
		{917497BC-B94A-4BAF-86EE-D5759C96392A}.Debug|Any CPU.Build.0 = Debug|Any CPU
		{917497BC-B94A-4BAF-86EE-D5759C96392A}.Debug|x64.ActiveCfg = Debug|Any CPU
		{917497BC-B94A-4BAF-86EE-D5759C96392A}.Debug|x64.Build.0 = Debug|Any CPU
		{917497BC-B94A-4BAF-86EE-D5759C96392A}.Debug|x86.ActiveCfg = Debug|Any CPU
		{917497BC-B94A-4BAF-86EE-D5759C96392A}.Debug|x86.Build.0 = Debug|Any CPU
		{917497BC-B94A-4BAF-86EE-D5759C96392A}.Release|Any CPU.ActiveCfg = Release|Any CPU
		{917497BC-B94A-4BAF-86EE-D5759C96392A}.Release|Any CPU.Build.0 = Release|Any CPU
		{917497BC-B94A-4BAF-86EE-D5759C96392A}.Release|x64.ActiveCfg = Release|Any CPU
		{917497BC-B94A-4BAF-86EE-D5759C96392A}.Release|x64.Build.0 = Release|Any CPU
		{917497BC-B94A-4BAF-86EE-D5759C96392A}.Release|x86.ActiveCfg = Release|Any CPU
		{917497BC-B94A-4BAF-86EE-D5759C96392A}.Release|x86.Build.0 = Release|Any CPU
	EndGlobalSection
	GlobalSection(SolutionProperties) = preSolution
		HideSolutionNode = FALSE
	EndGlobalSection
EndGlobal
